// !$*UTF8*$!
{
	archiveVersion = 1;
	classes = {
	};
	objectVersion = 51;
	objects = {

/* Begin PBXBuildFile section */
		0517FCDE632AD9453AFF6B66 /* Pods_SwiftTestAlfire_SwiftTestAlfireUITests.framework in Frameworks */ = {isa = PBXBuildFile; fileRef = D1B1F258C5D39EE5D7B55959 /* Pods_SwiftTestAlfire_SwiftTestAlfireUITests.framework */; };
		279F8AF60FC166CE74BDD58B /* Pods_SwiftTestAlfireTests.framework in Frameworks */ = {isa = PBXBuildFile; fileRef = 6D7EDBEA9E91208E9FBA9DB7 /* Pods_SwiftTestAlfireTests.framework */; };
		D487454DEB56FEE202402157 /* Pods_SwiftTestAlfire.framework in Frameworks */ = {isa = PBXBuildFile; fileRef = 77FEBEF18D7E99EB2AFF95EE /* Pods_SwiftTestAlfire.framework */; };
		DA44A893268A0E8C000CB1D5 /* MusicVC.swift in Sources */ = {isa = PBXBuildFile; fileRef = DA44A892268A0E8C000CB1D5 /* MusicVC.swift */; };
		DA44A898268A0F64000CB1D5 /* MusicModel.swift in Sources */ = {isa = PBXBuildFile; fileRef = DA44A897268A0F64000CB1D5 /* MusicModel.swift */; };
		DA44A89D268A1188000CB1D5 /* MusicCollectionViewCell.swift in Sources */ = {isa = PBXBuildFile; fileRef = DA44A89C268A1188000CB1D5 /* MusicCollectionViewCell.swift */; };
		DA46371B26934D3900C565E6 /* APISession.swift in Sources */ = {isa = PBXBuildFile; fileRef = DA46371A26934D3900C565E6 /* APISession.swift */; };
		DA46377B269C8AE800C565E6 /* API.swift in Sources */ = {isa = PBXBuildFile; fileRef = DA46377A269C8AE800C565E6 /* API.swift */; };
		DA46379F26A5B97E00C565E6 /* MovieModel.swift in Sources */ = {isa = PBXBuildFile; fileRef = DA46379E26A5B97E00C565E6 /* MovieModel.swift */; };
		DA4637A426A5BA0400C565E6 /* MovieTableViewCell.swift in Sources */ = {isa = PBXBuildFile; fileRef = DA4637A326A5BA0400C565E6 /* MovieTableViewCell.swift */; };
		DA4637AC26A5BD9500C565E6 /* MovieData.swift in Sources */ = {isa = PBXBuildFile; fileRef = DA4637AB26A5BD9500C565E6 /* MovieData.swift */; };
		DA4637B926A5C56A00C565E6 /* movie_result.txt in Resources */ = {isa = PBXBuildFile; fileRef = DA4637B826A5C56A00C565E6 /* movie_result.txt */; };
		DA6F36CD2675A657005B0F93 /* AppDelegate.swift in Sources */ = {isa = PBXBuildFile; fileRef = DA6F36CC2675A657005B0F93 /* AppDelegate.swift */; };
		DA6F36CF2675A657005B0F93 /* SceneDelegate.swift in Sources */ = {isa = PBXBuildFile; fileRef = DA6F36CE2675A657005B0F93 /* SceneDelegate.swift */; };
		DA6F36D12675A657005B0F93 /* ViewController.swift in Sources */ = {isa = PBXBuildFile; fileRef = DA6F36D02675A657005B0F93 /* ViewController.swift */; };
		DA6F36D42675A657005B0F93 /* Main.storyboard in Resources */ = {isa = PBXBuildFile; fileRef = DA6F36D22675A657005B0F93 /* Main.storyboard */; };
		DA6F36D62675A658005B0F93 /* Assets.xcassets in Resources */ = {isa = PBXBuildFile; fileRef = DA6F36D52675A658005B0F93 /* Assets.xcassets */; };
		DA6F36D92675A658005B0F93 /* LaunchScreen.storyboard in Resources */ = {isa = PBXBuildFile; fileRef = DA6F36D72675A658005B0F93 /* LaunchScreen.storyboard */; };
		DA6F37282675DA96005B0F93 /* AppRouting.swift in Sources */ = {isa = PBXBuildFile; fileRef = DA6F37272675DA96005B0F93 /* AppRouting.swift */; };
		DA6F3744267B9FC7005B0F93 /* TransitionType.swift in Sources */ = {isa = PBXBuildFile; fileRef = DA6F3743267B9FC7005B0F93 /* TransitionType.swift */; };
		DA6F374F267BA049005B0F93 /* Navigating.swift in Sources */ = {isa = PBXBuildFile; fileRef = DA6F374E267BA049005B0F93 /* Navigating.swift */; };
		DA6F3754267BA0DA005B0F93 /* RoutingSource.swift in Sources */ = {isa = PBXBuildFile; fileRef = DA6F3753267BA0DA005B0F93 /* RoutingSource.swift */; };
		DA6F3759267BA1E5005B0F93 /* AppRouter.swift in Sources */ = {isa = PBXBuildFile; fileRef = DA6F3758267BA1E5005B0F93 /* AppRouter.swift */; };
		DA6F375E267BA312005B0F93 /* UIAppLicationExtension.swift in Sources */ = {isa = PBXBuildFile; fileRef = DA6F375D267BA312005B0F93 /* UIAppLicationExtension.swift */; };
		DAB1C7582691622800C885A3 /* HomeVC.swift in Sources */ = {isa = PBXBuildFile; fileRef = DAB1C7572691622800C885A3 /* HomeVC.swift */; };
		E403F90226A66A3D009C7895 /* HomeTopZoonCell.swift in Sources */ = {isa = PBXBuildFile; fileRef = E403F90126A66A3D009C7895 /* HomeTopZoonCell.swift */; };
		E4577F8726A52C700001CC23 /* music_result.txt in Resources */ = {isa = PBXBuildFile; fileRef = E4577F8626A52C700001CC23 /* music_result.txt */; };
		E4577F8A26A556F40001CC23 /* Refresher.swift in Sources */ = {isa = PBXBuildFile; fileRef = E4577F8926A556F40001CC23 /* Refresher.swift */; };
		E4577F8E26A568130001CC23 /* BasicTableViewController.swift in Sources */ = {isa = PBXBuildFile; fileRef = E4577F8D26A568130001CC23 /* BasicTableViewController.swift */; };
		E4577F9026A573FA0001CC23 /* PHTableViewEmpty.swift in Sources */ = {isa = PBXBuildFile; fileRef = E4577F8F26A573FA0001CC23 /* PHTableViewEmpty.swift */; };
		E4577F9326A57A360001CC23 /* MovieVC.swift in Sources */ = {isa = PBXBuildFile; fileRef = E4577F9226A57A360001CC23 /* MovieVC.swift */; };
		E47E2E8A26783BE600636A06 /* SecondViewController.swift in Sources */ = {isa = PBXBuildFile; fileRef = E47E2E8926783BE600636A06 /* SecondViewController.swift */; };
		E47E2E8C2678456C00636A06 /* SecondModel.swift in Sources */ = {isa = PBXBuildFile; fileRef = E47E2E8B2678456C00636A06 /* SecondModel.swift */; };
		E497000026A139B2006F9425 /* MusicData.swift in Sources */ = {isa = PBXBuildFile; fileRef = E497FFFF26A139B2006F9425 /* MusicData.swift */; };
/* End PBXBuildFile section */

/* Begin PBXContainerItemProxy section */
		DA6F36E02675A658005B0F93 /* PBXContainerItemProxy */ = {
			isa = PBXContainerItemProxy;
			containerPortal = DA6F36C12675A657005B0F93 /* Project object */;
			proxyType = 1;
			remoteGlobalIDString = DA6F36C82675A657005B0F93;
			remoteInfo = SwiftTestAlfire;
		};
		DA6F36EB2675A659005B0F93 /* PBXContainerItemProxy */ = {
			isa = PBXContainerItemProxy;
			containerPortal = DA6F36C12675A657005B0F93 /* Project object */;
			proxyType = 1;
			remoteGlobalIDString = DA6F36C82675A657005B0F93;
			remoteInfo = SwiftTestAlfire;
		};
/* End PBXContainerItemProxy section */

/* Begin PBXFileReference section */
		3941B0B56E4556733A030F6A /* Pods-SwiftTestAlfireTests.debug.xcconfig */ = {isa = PBXFileReference; includeInIndex = 1; lastKnownFileType = text.xcconfig; name = "Pods-SwiftTestAlfireTests.debug.xcconfig"; path = "Target Support Files/Pods-SwiftTestAlfireTests/Pods-SwiftTestAlfireTests.debug.xcconfig"; sourceTree = "<group>"; };
		6D7EDBEA9E91208E9FBA9DB7 /* Pods_SwiftTestAlfireTests.framework */ = {isa = PBXFileReference; explicitFileType = wrapper.framework; includeInIndex = 0; path = Pods_SwiftTestAlfireTests.framework; sourceTree = BUILT_PRODUCTS_DIR; };
		77FEBEF18D7E99EB2AFF95EE /* Pods_SwiftTestAlfire.framework */ = {isa = PBXFileReference; explicitFileType = wrapper.framework; includeInIndex = 0; path = Pods_SwiftTestAlfire.framework; sourceTree = BUILT_PRODUCTS_DIR; };
		78A720AC4789018595595EC6 /* Pods-SwiftTestAlfireTests.release.xcconfig */ = {isa = PBXFileReference; includeInIndex = 1; lastKnownFileType = text.xcconfig; name = "Pods-SwiftTestAlfireTests.release.xcconfig"; path = "Target Support Files/Pods-SwiftTestAlfireTests/Pods-SwiftTestAlfireTests.release.xcconfig"; sourceTree = "<group>"; };
		7B8462378E2D551477AC35B9 /* Pods-SwiftTestAlfire.release.xcconfig */ = {isa = PBXFileReference; includeInIndex = 1; lastKnownFileType = text.xcconfig; name = "Pods-SwiftTestAlfire.release.xcconfig"; path = "Target Support Files/Pods-SwiftTestAlfire/Pods-SwiftTestAlfire.release.xcconfig"; sourceTree = "<group>"; };
		9F4DFD2626F7A81B6BBCAEF1 /* Pods-SwiftTestAlfire-SwiftTestAlfireUITests.debug.xcconfig */ = {isa = PBXFileReference; includeInIndex = 1; lastKnownFileType = text.xcconfig; name = "Pods-SwiftTestAlfire-SwiftTestAlfireUITests.debug.xcconfig"; path = "Target Support Files/Pods-SwiftTestAlfire-SwiftTestAlfireUITests/Pods-SwiftTestAlfire-SwiftTestAlfireUITests.debug.xcconfig"; sourceTree = "<group>"; };
		C3700A66355109C27C3271F1 /* Pods-SwiftTestAlfire-SwiftTestAlfireUITests.release.xcconfig */ = {isa = PBXFileReference; includeInIndex = 1; lastKnownFileType = text.xcconfig; name = "Pods-SwiftTestAlfire-SwiftTestAlfireUITests.release.xcconfig"; path = "Target Support Files/Pods-SwiftTestAlfire-SwiftTestAlfireUITests/Pods-SwiftTestAlfire-SwiftTestAlfireUITests.release.xcconfig"; sourceTree = "<group>"; };
		D1B1F258C5D39EE5D7B55959 /* Pods_SwiftTestAlfire_SwiftTestAlfireUITests.framework */ = {isa = PBXFileReference; explicitFileType = wrapper.framework; includeInIndex = 0; path = Pods_SwiftTestAlfire_SwiftTestAlfireUITests.framework; sourceTree = BUILT_PRODUCTS_DIR; };
		DA44A892268A0E8C000CB1D5 /* MusicVC.swift */ = {isa = PBXFileReference; lastKnownFileType = sourcecode.swift; path = MusicVC.swift; sourceTree = "<group>"; };
		DA44A897268A0F64000CB1D5 /* MusicModel.swift */ = {isa = PBXFileReference; lastKnownFileType = sourcecode.swift; path = MusicModel.swift; sourceTree = "<group>"; };
		DA44A89C268A1188000CB1D5 /* MusicCollectionViewCell.swift */ = {isa = PBXFileReference; lastKnownFileType = sourcecode.swift; path = MusicCollectionViewCell.swift; sourceTree = "<group>"; };
		DA46371A26934D3900C565E6 /* APISession.swift */ = {isa = PBXFileReference; lastKnownFileType = sourcecode.swift; path = APISession.swift; sourceTree = "<group>"; };
		DA46377A269C8AE800C565E6 /* API.swift */ = {isa = PBXFileReference; lastKnownFileType = sourcecode.swift; path = API.swift; sourceTree = "<group>"; };
		DA46379E26A5B97E00C565E6 /* MovieModel.swift */ = {isa = PBXFileReference; lastKnownFileType = sourcecode.swift; path = MovieModel.swift; sourceTree = "<group>"; };
		DA4637A326A5BA0400C565E6 /* MovieTableViewCell.swift */ = {isa = PBXFileReference; lastKnownFileType = sourcecode.swift; path = MovieTableViewCell.swift; sourceTree = "<group>"; };
		DA4637AB26A5BD9500C565E6 /* MovieData.swift */ = {isa = PBXFileReference; lastKnownFileType = sourcecode.swift; path = MovieData.swift; sourceTree = "<group>"; };
		DA4637B826A5C56A00C565E6 /* movie_result.txt */ = {isa = PBXFileReference; fileEncoding = 4; lastKnownFileType = text; path = movie_result.txt; sourceTree = "<group>"; };
		DA6F36C92675A657005B0F93 /* SwiftTestAlfire.app */ = {isa = PBXFileReference; explicitFileType = wrapper.application; includeInIndex = 0; path = SwiftTestAlfire.app; sourceTree = BUILT_PRODUCTS_DIR; };
		DA6F36CC2675A657005B0F93 /* AppDelegate.swift */ = {isa = PBXFileReference; lastKnownFileType = sourcecode.swift; path = AppDelegate.swift; sourceTree = "<group>"; };
		DA6F36CE2675A657005B0F93 /* SceneDelegate.swift */ = {isa = PBXFileReference; lastKnownFileType = sourcecode.swift; path = SceneDelegate.swift; sourceTree = "<group>"; };
		DA6F36D02675A657005B0F93 /* ViewController.swift */ = {isa = PBXFileReference; lastKnownFileType = sourcecode.swift; path = ViewController.swift; sourceTree = "<group>"; };
		DA6F36D32675A657005B0F93 /* Base */ = {isa = PBXFileReference; lastKnownFileType = file.storyboard; name = Base; path = Base.lproj/Main.storyboard; sourceTree = "<group>"; };
		DA6F36D52675A658005B0F93 /* Assets.xcassets */ = {isa = PBXFileReference; lastKnownFileType = folder.assetcatalog; path = Assets.xcassets; sourceTree = "<group>"; };
		DA6F36D82675A658005B0F93 /* Base */ = {isa = PBXFileReference; lastKnownFileType = file.storyboard; name = Base; path = Base.lproj/LaunchScreen.storyboard; sourceTree = "<group>"; };
		DA6F36DA2675A658005B0F93 /* Info.plist */ = {isa = PBXFileReference; lastKnownFileType = text.plist.xml; path = Info.plist; sourceTree = "<group>"; };
		DA6F36DF2675A658005B0F93 /* SwiftTestAlfireTests.xctest */ = {isa = PBXFileReference; explicitFileType = wrapper.cfbundle; includeInIndex = 0; path = SwiftTestAlfireTests.xctest; sourceTree = BUILT_PRODUCTS_DIR; };
		DA6F36EA2675A659005B0F93 /* SwiftTestAlfireUITests.xctest */ = {isa = PBXFileReference; explicitFileType = wrapper.cfbundle; includeInIndex = 0; path = SwiftTestAlfireUITests.xctest; sourceTree = BUILT_PRODUCTS_DIR; };
		DA6F37272675DA96005B0F93 /* AppRouting.swift */ = {isa = PBXFileReference; lastKnownFileType = sourcecode.swift; path = AppRouting.swift; sourceTree = "<group>"; };
		DA6F3743267B9FC7005B0F93 /* TransitionType.swift */ = {isa = PBXFileReference; lastKnownFileType = sourcecode.swift; path = TransitionType.swift; sourceTree = "<group>"; };
		DA6F374E267BA049005B0F93 /* Navigating.swift */ = {isa = PBXFileReference; lastKnownFileType = sourcecode.swift; path = Navigating.swift; sourceTree = "<group>"; };
		DA6F3753267BA0DA005B0F93 /* RoutingSource.swift */ = {isa = PBXFileReference; lastKnownFileType = sourcecode.swift; path = RoutingSource.swift; sourceTree = "<group>"; };
		DA6F3758267BA1E5005B0F93 /* AppRouter.swift */ = {isa = PBXFileReference; lastKnownFileType = sourcecode.swift; path = AppRouter.swift; sourceTree = "<group>"; };
		DA6F375D267BA312005B0F93 /* UIAppLicationExtension.swift */ = {isa = PBXFileReference; lastKnownFileType = sourcecode.swift; path = UIAppLicationExtension.swift; sourceTree = "<group>"; };
		DAB1C7572691622800C885A3 /* HomeVC.swift */ = {isa = PBXFileReference; lastKnownFileType = sourcecode.swift; path = HomeVC.swift; sourceTree = "<group>"; };
		DF1AFFDE791BB7354F36D4C8 /* Pods-SwiftTestAlfire.debug.xcconfig */ = {isa = PBXFileReference; includeInIndex = 1; lastKnownFileType = text.xcconfig; name = "Pods-SwiftTestAlfire.debug.xcconfig"; path = "Target Support Files/Pods-SwiftTestAlfire/Pods-SwiftTestAlfire.debug.xcconfig"; sourceTree = "<group>"; };
		E403F90126A66A3D009C7895 /* HomeTopZoonCell.swift */ = {isa = PBXFileReference; lastKnownFileType = sourcecode.swift; path = HomeTopZoonCell.swift; sourceTree = "<group>"; };
		E4577F8626A52C700001CC23 /* music_result.txt */ = {isa = PBXFileReference; fileEncoding = 4; lastKnownFileType = text; path = music_result.txt; sourceTree = "<group>"; };
		E4577F8926A556F40001CC23 /* Refresher.swift */ = {isa = PBXFileReference; lastKnownFileType = sourcecode.swift; path = Refresher.swift; sourceTree = "<group>"; };
		E4577F8D26A568130001CC23 /* BasicTableViewController.swift */ = {isa = PBXFileReference; lastKnownFileType = sourcecode.swift; path = BasicTableViewController.swift; sourceTree = "<group>"; };
		E4577F8F26A573FA0001CC23 /* PHTableViewEmpty.swift */ = {isa = PBXFileReference; fileEncoding = 4; lastKnownFileType = sourcecode.swift; path = PHTableViewEmpty.swift; sourceTree = "<group>"; };
		E4577F9226A57A360001CC23 /* MovieVC.swift */ = {isa = PBXFileReference; lastKnownFileType = sourcecode.swift; path = MovieVC.swift; sourceTree = "<group>"; };
		E47E2E8926783BE600636A06 /* SecondViewController.swift */ = {isa = PBXFileReference; lastKnownFileType = sourcecode.swift; path = SecondViewController.swift; sourceTree = "<group>"; };
		E47E2E8B2678456C00636A06 /* SecondModel.swift */ = {isa = PBXFileReference; lastKnownFileType = sourcecode.swift; path = SecondModel.swift; sourceTree = "<group>"; };
		E497FFFF26A139B2006F9425 /* MusicData.swift */ = {isa = PBXFileReference; lastKnownFileType = sourcecode.swift; path = MusicData.swift; sourceTree = "<group>"; };
/* End PBXFileReference section */

/* Begin PBXFrameworksBuildPhase section */
		DA6F36C62675A657005B0F93 /* Frameworks */ = {
			isa = PBXFrameworksBuildPhase;
			buildActionMask = 2147483647;
			files = (
				D487454DEB56FEE202402157 /* Pods_SwiftTestAlfire.framework in Frameworks */,
			);
			runOnlyForDeploymentPostprocessing = 0;
		};
		DA6F36DC2675A658005B0F93 /* Frameworks */ = {
			isa = PBXFrameworksBuildPhase;
			buildActionMask = 2147483647;
			files = (
				279F8AF60FC166CE74BDD58B /* Pods_SwiftTestAlfireTests.framework in Frameworks */,
			);
			runOnlyForDeploymentPostprocessing = 0;
		};
		DA6F36E72675A659005B0F93 /* Frameworks */ = {
			isa = PBXFrameworksBuildPhase;
			buildActionMask = 2147483647;
			files = (
				0517FCDE632AD9453AFF6B66 /* Pods_SwiftTestAlfire_SwiftTestAlfireUITests.framework in Frameworks */,
			);
			runOnlyForDeploymentPostprocessing = 0;
		};
/* End PBXFrameworksBuildPhase section */

/* Begin PBXGroup section */
		A4C841BDF07B0A7A47114D73 /* Frameworks */ = {
			isa = PBXGroup;
			children = (
				77FEBEF18D7E99EB2AFF95EE /* Pods_SwiftTestAlfire.framework */,
				D1B1F258C5D39EE5D7B55959 /* Pods_SwiftTestAlfire_SwiftTestAlfireUITests.framework */,
				6D7EDBEA9E91208E9FBA9DB7 /* Pods_SwiftTestAlfireTests.framework */,
			);
			name = Frameworks;
			sourceTree = "<group>";
		};
		DA44A88E268A0E42000CB1D5 /* Music */ = {
			isa = PBXGroup;
			children = (
				DA44A892268A0E8C000CB1D5 /* MusicVC.swift */,
				DA44A897268A0F64000CB1D5 /* MusicModel.swift */,
				DA44A89C268A1188000CB1D5 /* MusicCollectionViewCell.swift */,
				E497FFFF26A139B2006F9425 /* MusicData.swift */,
			);
			path = Music;
			sourceTree = "<group>";
		};
		DA6F36C02675A657005B0F93 = {
			isa = PBXGroup;
			children = (
				DA6F36CB2675A657005B0F93 /* SwiftTestAlfire */,
				DA6F36CA2675A657005B0F93 /* Products */,
				F5247D27CCD719A671E2FABA /* Pods */,
				A4C841BDF07B0A7A47114D73 /* Frameworks */,
			);
			sourceTree = "<group>";
		};
		DA6F36CA2675A657005B0F93 /* Products */ = {
			isa = PBXGroup;
			children = (
				DA6F36C92675A657005B0F93 /* SwiftTestAlfire.app */,
				DA6F36DF2675A658005B0F93 /* SwiftTestAlfireTests.xctest */,
				DA6F36EA2675A659005B0F93 /* SwiftTestAlfireUITests.xctest */,
			);
			name = Products;
			sourceTree = "<group>";
		};
		DA6F36CB2675A657005B0F93 /* SwiftTestAlfire */ = {
			isa = PBXGroup;
			children = (
				E4577F9526A57B5F0001CC23 /* Coding */,
				E4577F9426A57B3D0001CC23 /* Function */,
				E4577F8526A52C650001CC23 /* LocalData */,
				E47E2E8D267845E600636A06 /* Second */,
				DA6F36CC2675A657005B0F93 /* AppDelegate.swift */,
				DA6F36CE2675A657005B0F93 /* SceneDelegate.swift */,
				DA6F36D02675A657005B0F93 /* ViewController.swift */,
				DA6F36D22675A657005B0F93 /* Main.storyboard */,
				DA6F36D52675A658005B0F93 /* Assets.xcassets */,
				DA6F36D72675A658005B0F93 /* LaunchScreen.storyboard */,
				DA6F36DA2675A658005B0F93 /* Info.plist */,
				DA6F375D267BA312005B0F93 /* UIAppLicationExtension.swift */,
			);
			path = SwiftTestAlfire;
			sourceTree = "<group>";
		};
		DA6F372C2675DB10005B0F93 /* Routing */ = {
			isa = PBXGroup;
			children = (
				DA6F37272675DA96005B0F93 /* AppRouting.swift */,
				DA6F3743267B9FC7005B0F93 /* TransitionType.swift */,
				DA6F374E267BA049005B0F93 /* Navigating.swift */,
				DA6F3753267BA0DA005B0F93 /* RoutingSource.swift */,
				DA6F3758267BA1E5005B0F93 /* AppRouter.swift */,
			);
			path = Routing;
			sourceTree = "<group>";
		};
		DAB1C7562691621400C885A3 /* Home */ = {
			isa = PBXGroup;
			children = (
				DAB1C7572691622800C885A3 /* HomeVC.swift */,
				E403F90126A66A3D009C7895 /* HomeTopZoonCell.swift */,
			);
			path = Home;
			sourceTree = "<group>";
		};
		E4577F8526A52C650001CC23 /* LocalData */ = {
			isa = PBXGroup;
			children = (
				DA4637B826A5C56A00C565E6 /* movie_result.txt */,
				E4577F8626A52C700001CC23 /* music_result.txt */,
			);
			path = LocalData;
			sourceTree = "<group>";
		};
		E4577F8826A556D90001CC23 /* Refresh */ = {
			isa = PBXGroup;
			children = (
				E4577F8926A556F40001CC23 /* Refresher.swift */,
			);
			path = Refresh;
			sourceTree = "<group>";
		};
		E4577F8B26A567CB0001CC23 /* Basic */ = {
			isa = PBXGroup;
			children = (
				E4577F8F26A573FA0001CC23 /* PHTableViewEmpty.swift */,
				E4577F8D26A568130001CC23 /* BasicTableViewController.swift */,
			);
			path = Basic;
			sourceTree = "<group>";
		};
		E4577F9126A57A0B0001CC23 /* Movie */ = {
			isa = PBXGroup;
			children = (
				E4577F9226A57A360001CC23 /* MovieVC.swift */,
				DA46379E26A5B97E00C565E6 /* MovieModel.swift */,
				DA4637A326A5BA0400C565E6 /* MovieTableViewCell.swift */,
				DA4637AB26A5BD9500C565E6 /* MovieData.swift */,
			);
			path = Movie;
			sourceTree = "<group>";
		};
		E4577F9426A57B3D0001CC23 /* Function */ = {
			isa = PBXGroup;
			children = (
				E4577F8826A556D90001CC23 /* Refresh */,
				E47E2E862678394A00636A06 /* Networking */,
				DA6F372C2675DB10005B0F93 /* Routing */,
			);
			path = Function;
			sourceTree = "<group>";
		};
		E4577F9526A57B5F0001CC23 /* Coding */ = {
			isa = PBXGroup;
			children = (
				E4577F9126A57A0B0001CC23 /* Movie */,
				E4577F8B26A567CB0001CC23 /* Basic */,
				DAB1C7562691621400C885A3 /* Home */,
				DA44A88E268A0E42000CB1D5 /* Music */,
			);
			path = Coding;
			sourceTree = "<group>";
		};
		E47E2E862678394A00636A06 /* Networking */ = {
			isa = PBXGroup;
			children = (
				DA46371A26934D3900C565E6 /* APISession.swift */,
				DA46377A269C8AE800C565E6 /* API.swift */,
			);
			path = Networking;
			sourceTree = "<group>";
		};
		E47E2E8D267845E600636A06 /* Second */ = {
			isa = PBXGroup;
			children = (
				E47E2E8926783BE600636A06 /* SecondViewController.swift */,
				E47E2E8B2678456C00636A06 /* SecondModel.swift */,
			);
			path = Second;
			sourceTree = "<group>";
		};
		F5247D27CCD719A671E2FABA /* Pods */ = {
			isa = PBXGroup;
			children = (
				DF1AFFDE791BB7354F36D4C8 /* Pods-SwiftTestAlfire.debug.xcconfig */,
				7B8462378E2D551477AC35B9 /* Pods-SwiftTestAlfire.release.xcconfig */,
				9F4DFD2626F7A81B6BBCAEF1 /* Pods-SwiftTestAlfire-SwiftTestAlfireUITests.debug.xcconfig */,
				C3700A66355109C27C3271F1 /* Pods-SwiftTestAlfire-SwiftTestAlfireUITests.release.xcconfig */,
				3941B0B56E4556733A030F6A /* Pods-SwiftTestAlfireTests.debug.xcconfig */,
				78A720AC4789018595595EC6 /* Pods-SwiftTestAlfireTests.release.xcconfig */,
			);
			path = Pods;
			sourceTree = "<group>";
		};
/* End PBXGroup section */

/* Begin PBXNativeTarget section */
		DA6F36C82675A657005B0F93 /* SwiftTestAlfire */ = {
			isa = PBXNativeTarget;
			buildConfigurationList = DA6F36F32675A659005B0F93 /* Build configuration list for PBXNativeTarget "SwiftTestAlfire" */;
			buildPhases = (
				55C781E9C2C2CCD3C2A966B1 /* [CP] Check Pods Manifest.lock */,
				DA6F36C52675A657005B0F93 /* Sources */,
				DA46372E2693508A00C565E6 /* Run SwiftLint */,
				DA6F36C62675A657005B0F93 /* Frameworks */,
				DA6F36C72675A657005B0F93 /* Resources */,
				7B52C809259596F923A1E591 /* [CP] Embed Pods Frameworks */,
			);
			buildRules = (
			);
			dependencies = (
			);
			name = SwiftTestAlfire;
			productName = SwiftTestAlfire;
			productReference = DA6F36C92675A657005B0F93 /* SwiftTestAlfire.app */;
			productType = "com.apple.product-type.application";
		};
		DA6F36DE2675A658005B0F93 /* SwiftTestAlfireTests */ = {
			isa = PBXNativeTarget;
			buildConfigurationList = DA6F36F62675A659005B0F93 /* Build configuration list for PBXNativeTarget "SwiftTestAlfireTests" */;
			buildPhases = (
				E7FE16DA4343C89C5EF60B02 /* [CP] Check Pods Manifest.lock */,
				DA6F36DB2675A658005B0F93 /* Sources */,
				DA6F36DC2675A658005B0F93 /* Frameworks */,
				DA6F36DD2675A658005B0F93 /* Resources */,
			);
			buildRules = (
			);
			dependencies = (
				DA6F36E12675A658005B0F93 /* PBXTargetDependency */,
			);
			name = SwiftTestAlfireTests;
			productName = SwiftTestAlfireTests;
			productReference = DA6F36DF2675A658005B0F93 /* SwiftTestAlfireTests.xctest */;
			productType = "com.apple.product-type.bundle.unit-test";
		};
		DA6F36E92675A659005B0F93 /* SwiftTestAlfireUITests */ = {
			isa = PBXNativeTarget;
			buildConfigurationList = DA6F36F92675A659005B0F93 /* Build configuration list for PBXNativeTarget "SwiftTestAlfireUITests" */;
			buildPhases = (
				452317A44AE628C6C10AAF08 /* [CP] Check Pods Manifest.lock */,
				DA6F36E62675A659005B0F93 /* Sources */,
				DA6F36E72675A659005B0F93 /* Frameworks */,
				DA6F36E82675A659005B0F93 /* Resources */,
				88B373547AD1603472D39D69 /* [CP] Embed Pods Frameworks */,
			);
			buildRules = (
			);
			dependencies = (
				DA6F36EC2675A659005B0F93 /* PBXTargetDependency */,
			);
			name = SwiftTestAlfireUITests;
			productName = SwiftTestAlfireUITests;
			productReference = DA6F36EA2675A659005B0F93 /* SwiftTestAlfireUITests.xctest */;
			productType = "com.apple.product-type.bundle.ui-testing";
		};
/* End PBXNativeTarget section */

/* Begin PBXProject section */
		DA6F36C12675A657005B0F93 /* Project object */ = {
			isa = PBXProject;
			attributes = {
				LastSwiftUpdateCheck = 1240;
				LastUpgradeCheck = 1240;
				TargetAttributes = {
					DA6F36C82675A657005B0F93 = {
						CreatedOnToolsVersion = 12.4;
					};
					DA6F36DE2675A658005B0F93 = {
						CreatedOnToolsVersion = 12.4;
						TestTargetID = DA6F36C82675A657005B0F93;
					};
					DA6F36E92675A659005B0F93 = {
						CreatedOnToolsVersion = 12.4;
						TestTargetID = DA6F36C82675A657005B0F93;
					};
				};
			};
			buildConfigurationList = DA6F36C42675A657005B0F93 /* Build configuration list for PBXProject "SwiftTestAlfire" */;
			compatibilityVersion = "Xcode 9.3";
			developmentRegion = en;
			hasScannedForEncodings = 0;
			knownRegions = (
				en,
				Base,
			);
			mainGroup = DA6F36C02675A657005B0F93;
			productRefGroup = DA6F36CA2675A657005B0F93 /* Products */;
			projectDirPath = "";
			projectRoot = "";
			targets = (
				DA6F36C82675A657005B0F93 /* SwiftTestAlfire */,
				DA6F36DE2675A658005B0F93 /* SwiftTestAlfireTests */,
				DA6F36E92675A659005B0F93 /* SwiftTestAlfireUITests */,
			);
		};
/* End PBXProject section */

/* Begin PBXResourcesBuildPhase section */
		DA6F36C72675A657005B0F93 /* Resources */ = {
			isa = PBXResourcesBuildPhase;
			buildActionMask = 2147483647;
			files = (
				DA6F36D92675A658005B0F93 /* LaunchScreen.storyboard in Resources */,
				DA4637B926A5C56A00C565E6 /* movie_result.txt in Resources */,
				E4577F8726A52C700001CC23 /* music_result.txt in Resources */,
				DA6F36D62675A658005B0F93 /* Assets.xcassets in Resources */,
				DA6F36D42675A657005B0F93 /* Main.storyboard in Resources */,
			);
			runOnlyForDeploymentPostprocessing = 0;
		};
		DA6F36DD2675A658005B0F93 /* Resources */ = {
			isa = PBXResourcesBuildPhase;
			buildActionMask = 2147483647;
			files = (
			);
			runOnlyForDeploymentPostprocessing = 0;
		};
		DA6F36E82675A659005B0F93 /* Resources */ = {
			isa = PBXResourcesBuildPhase;
			buildActionMask = 2147483647;
			files = (
			);
			runOnlyForDeploymentPostprocessing = 0;
		};
/* End PBXResourcesBuildPhase section */

/* Begin PBXShellScriptBuildPhase section */
		452317A44AE628C6C10AAF08 /* [CP] Check Pods Manifest.lock */ = {
			isa = PBXShellScriptBuildPhase;
			buildActionMask = 2147483647;
			files = (
			);
			inputFileListPaths = (
			);
			inputPaths = (
				"${PODS_PODFILE_DIR_PATH}/Podfile.lock",
				"${PODS_ROOT}/Manifest.lock",
			);
			name = "[CP] Check Pods Manifest.lock";
			outputFileListPaths = (
			);
			outputPaths = (
				"$(DERIVED_FILE_DIR)/Pods-SwiftTestAlfire-SwiftTestAlfireUITests-checkManifestLockResult.txt",
			);
			runOnlyForDeploymentPostprocessing = 0;
			shellPath = /bin/sh;
			shellScript = "diff \"${PODS_PODFILE_DIR_PATH}/Podfile.lock\" \"${PODS_ROOT}/Manifest.lock\" > /dev/null\nif [ $? != 0 ] ; then\n    # print error to STDERR\n    echo \"error: The sandbox is not in sync with the Podfile.lock. Run 'pod install' or update your CocoaPods installation.\" >&2\n    exit 1\nfi\n# This output is used by Xcode 'outputs' to avoid re-running this script phase.\necho \"SUCCESS\" > \"${SCRIPT_OUTPUT_FILE_0}\"\n";
			showEnvVarsInLog = 0;
		};
		55C781E9C2C2CCD3C2A966B1 /* [CP] Check Pods Manifest.lock */ = {
			isa = PBXShellScriptBuildPhase;
			buildActionMask = 2147483647;
			files = (
			);
			inputFileListPaths = (
			);
			inputPaths = (
				"${PODS_PODFILE_DIR_PATH}/Podfile.lock",
				"${PODS_ROOT}/Manifest.lock",
			);
			name = "[CP] Check Pods Manifest.lock";
			outputFileListPaths = (
			);
			outputPaths = (
				"$(DERIVED_FILE_DIR)/Pods-SwiftTestAlfire-checkManifestLockResult.txt",
			);
			runOnlyForDeploymentPostprocessing = 0;
			shellPath = /bin/sh;
			shellScript = "diff \"${PODS_PODFILE_DIR_PATH}/Podfile.lock\" \"${PODS_ROOT}/Manifest.lock\" > /dev/null\nif [ $? != 0 ] ; then\n    # print error to STDERR\n    echo \"error: The sandbox is not in sync with the Podfile.lock. Run 'pod install' or update your CocoaPods installation.\" >&2\n    exit 1\nfi\n# This output is used by Xcode 'outputs' to avoid re-running this script phase.\necho \"SUCCESS\" > \"${SCRIPT_OUTPUT_FILE_0}\"\n";
			showEnvVarsInLog = 0;
		};
		7B52C809259596F923A1E591 /* [CP] Embed Pods Frameworks */ = {
			isa = PBXShellScriptBuildPhase;
			buildActionMask = 2147483647;
			files = (
			);
			inputFileListPaths = (
				"${PODS_ROOT}/Target Support Files/Pods-SwiftTestAlfire/Pods-SwiftTestAlfire-frameworks-${CONFIGURATION}-input-files.xcfilelist",
			);
			name = "[CP] Embed Pods Frameworks";
			outputFileListPaths = (
				"${PODS_ROOT}/Target Support Files/Pods-SwiftTestAlfire/Pods-SwiftTestAlfire-frameworks-${CONFIGURATION}-output-files.xcfilelist",
			);
			runOnlyForDeploymentPostprocessing = 0;
			shellPath = /bin/sh;
			shellScript = "\"${PODS_ROOT}/Target Support Files/Pods-SwiftTestAlfire/Pods-SwiftTestAlfire-frameworks.sh\"\n";
			showEnvVarsInLog = 0;
		};
		88B373547AD1603472D39D69 /* [CP] Embed Pods Frameworks */ = {
			isa = PBXShellScriptBuildPhase;
			buildActionMask = 2147483647;
			files = (
			);
			inputFileListPaths = (
				"${PODS_ROOT}/Target Support Files/Pods-SwiftTestAlfire-SwiftTestAlfireUITests/Pods-SwiftTestAlfire-SwiftTestAlfireUITests-frameworks-${CONFIGURATION}-input-files.xcfilelist",
			);
			name = "[CP] Embed Pods Frameworks";
			outputFileListPaths = (
				"${PODS_ROOT}/Target Support Files/Pods-SwiftTestAlfire-SwiftTestAlfireUITests/Pods-SwiftTestAlfire-SwiftTestAlfireUITests-frameworks-${CONFIGURATION}-output-files.xcfilelist",
			);
			runOnlyForDeploymentPostprocessing = 0;
			shellPath = /bin/sh;
			shellScript = "\"${PODS_ROOT}/Target Support Files/Pods-SwiftTestAlfire-SwiftTestAlfireUITests/Pods-SwiftTestAlfire-SwiftTestAlfireUITests-frameworks.sh\"\n";
			showEnvVarsInLog = 0;
		};
		DA46372E2693508A00C565E6 /* Run SwiftLint */ = {
			isa = PBXShellScriptBuildPhase;
			buildActionMask = 2147483647;
			files = (
			);
			inputFileListPaths = (
			);
			inputPaths = (
			);
			name = "Run SwiftLint";
			outputFileListPaths = (
			);
			outputPaths = (
			);
			runOnlyForDeploymentPostprocessing = 0;
			shellPath = /bin/sh;
			shellScript = "\"${PODS_ROOT}/SwiftLint/swiftlint\"\n";
		};
		E7FE16DA4343C89C5EF60B02 /* [CP] Check Pods Manifest.lock */ = {
			isa = PBXShellScriptBuildPhase;
			buildActionMask = 2147483647;
			files = (
			);
			inputFileListPaths = (
			);
			inputPaths = (
				"${PODS_PODFILE_DIR_PATH}/Podfile.lock",
				"${PODS_ROOT}/Manifest.lock",
			);
			name = "[CP] Check Pods Manifest.lock";
			outputFileListPaths = (
			);
			outputPaths = (
				"$(DERIVED_FILE_DIR)/Pods-SwiftTestAlfireTests-checkManifestLockResult.txt",
			);
			runOnlyForDeploymentPostprocessing = 0;
			shellPath = /bin/sh;
			shellScript = "diff \"${PODS_PODFILE_DIR_PATH}/Podfile.lock\" \"${PODS_ROOT}/Manifest.lock\" > /dev/null\nif [ $? != 0 ] ; then\n    # print error to STDERR\n    echo \"error: The sandbox is not in sync with the Podfile.lock. Run 'pod install' or update your CocoaPods installation.\" >&2\n    exit 1\nfi\n# This output is used by Xcode 'outputs' to avoid re-running this script phase.\necho \"SUCCESS\" > \"${SCRIPT_OUTPUT_FILE_0}\"\n";
			showEnvVarsInLog = 0;
		};
/* End PBXShellScriptBuildPhase section */

/* Begin PBXSourcesBuildPhase section */
		DA6F36C52675A657005B0F93 /* Sources */ = {
			isa = PBXSourcesBuildPhase;
			buildActionMask = 2147483647;
			files = (
				E4577F8A26A556F40001CC23 /* Refresher.swift in Sources */,
				E497000026A139B2006F9425 /* MusicData.swift in Sources */,
				DA44A893268A0E8C000CB1D5 /* MusicVC.swift in Sources */,
				DA4637AC26A5BD9500C565E6 /* MovieData.swift in Sources */,
				DA46371B26934D3900C565E6 /* APISession.swift in Sources */,
				E4577F9026A573FA0001CC23 /* PHTableViewEmpty.swift in Sources */,
				DA44A898268A0F64000CB1D5 /* MusicModel.swift in Sources */,
				E47E2E8A26783BE600636A06 /* SecondViewController.swift in Sources */,
				DA6F3744267B9FC7005B0F93 /* TransitionType.swift in Sources */,
				DA6F375E267BA312005B0F93 /* UIAppLicationExtension.swift in Sources */,
				DA44A89D268A1188000CB1D5 /* MusicCollectionViewCell.swift in Sources */,
				E4577F9326A57A360001CC23 /* MovieVC.swift in Sources */,
				DA46379F26A5B97E00C565E6 /* MovieModel.swift in Sources */,
				DA6F37282675DA96005B0F93 /* AppRouting.swift in Sources */,
				DA6F36D12675A657005B0F93 /* ViewController.swift in Sources */,
				DA4637A426A5BA0400C565E6 /* MovieTableViewCell.swift in Sources */,
				E403F90226A66A3D009C7895 /* HomeTopZoonCell.swift in Sources */,
				DAB1C7582691622800C885A3 /* HomeVC.swift in Sources */,
				DA6F3754267BA0DA005B0F93 /* RoutingSource.swift in Sources */,
				E47E2E8C2678456C00636A06 /* SecondModel.swift in Sources */,
				E4577F8E26A568130001CC23 /* BasicTableViewController.swift in Sources */,
				DA6F3759267BA1E5005B0F93 /* AppRouter.swift in Sources */,
				DA6F36CD2675A657005B0F93 /* AppDelegate.swift in Sources */,
				DA6F374F267BA049005B0F93 /* Navigating.swift in Sources */,
				DA46377B269C8AE800C565E6 /* API.swift in Sources */,
				DA6F36CF2675A657005B0F93 /* SceneDelegate.swift in Sources */,
			);
			runOnlyForDeploymentPostprocessing = 0;
		};
		DA6F36DB2675A658005B0F93 /* Sources */ = {
			isa = PBXSourcesBuildPhase;
			buildActionMask = 2147483647;
			files = (
			);
			runOnlyForDeploymentPostprocessing = 0;
		};
		DA6F36E62675A659005B0F93 /* Sources */ = {
			isa = PBXSourcesBuildPhase;
			buildActionMask = 2147483647;
			files = (
			);
			runOnlyForDeploymentPostprocessing = 0;
		};
/* End PBXSourcesBuildPhase section */

/* Begin PBXTargetDependency section */
		DA6F36E12675A658005B0F93 /* PBXTargetDependency */ = {
			isa = PBXTargetDependency;
			target = DA6F36C82675A657005B0F93 /* SwiftTestAlfire */;
			targetProxy = DA6F36E02675A658005B0F93 /* PBXContainerItemProxy */;
		};
		DA6F36EC2675A659005B0F93 /* PBXTargetDependency */ = {
			isa = PBXTargetDependency;
			target = DA6F36C82675A657005B0F93 /* SwiftTestAlfire */;
			targetProxy = DA6F36EB2675A659005B0F93 /* PBXContainerItemProxy */;
		};
/* End PBXTargetDependency section */

/* Begin PBXVariantGroup section */
		DA6F36D22675A657005B0F93 /* Main.storyboard */ = {
			isa = PBXVariantGroup;
			children = (
				DA6F36D32675A657005B0F93 /* Base */,
			);
			name = Main.storyboard;
			sourceTree = "<group>";
		};
		DA6F36D72675A658005B0F93 /* LaunchScreen.storyboard */ = {
			isa = PBXVariantGroup;
			children = (
				DA6F36D82675A658005B0F93 /* Base */,
			);
			name = LaunchScreen.storyboard;
			sourceTree = "<group>";
		};
/* End PBXVariantGroup section */

/* Begin XCBuildConfiguration section */
		DA6F36F12675A659005B0F93 /* Debug */ = {
			isa = XCBuildConfiguration;
			buildSettings = {
				ALWAYS_SEARCH_USER_PATHS = NO;
				CLANG_ANALYZER_NONNULL = YES;
				CLANG_ANALYZER_NUMBER_OBJECT_CONVERSION = YES_AGGRESSIVE;
				CLANG_CXX_LANGUAGE_STANDARD = "gnu++14";
				CLANG_CXX_LIBRARY = "libc++";
				CLANG_ENABLE_MODULES = YES;
				CLANG_ENABLE_OBJC_ARC = YES;
				CLANG_ENABLE_OBJC_WEAK = YES;
				CLANG_WARN_BLOCK_CAPTURE_AUTORELEASING = YES;
				CLANG_WARN_BOOL_CONVERSION = YES;
				CLANG_WARN_COMMA = YES;
				CLANG_WARN_CONSTANT_CONVERSION = YES;
				CLANG_WARN_DEPRECATED_OBJC_IMPLEMENTATIONS = YES;
				CLANG_WARN_DIRECT_OBJC_ISA_USAGE = YES_ERROR;
				CLANG_WARN_DOCUMENTATION_COMMENTS = YES;
				CLANG_WARN_EMPTY_BODY = YES;
				CLANG_WARN_ENUM_CONVERSION = YES;
				CLANG_WARN_INFINITE_RECURSION = YES;
				CLANG_WARN_INT_CONVERSION = YES;
				CLANG_WARN_NON_LITERAL_NULL_CONVERSION = YES;
				CLANG_WARN_OBJC_IMPLICIT_RETAIN_SELF = YES;
				CLANG_WARN_OBJC_LITERAL_CONVERSION = YES;
				CLANG_WARN_OBJC_ROOT_CLASS = YES_ERROR;
				CLANG_WARN_QUOTED_INCLUDE_IN_FRAMEWORK_HEADER = YES;
				CLANG_WARN_RANGE_LOOP_ANALYSIS = YES;
				CLANG_WARN_STRICT_PROTOTYPES = YES;
				CLANG_WARN_SUSPICIOUS_MOVE = YES;
				CLANG_WARN_UNGUARDED_AVAILABILITY = YES_AGGRESSIVE;
				CLANG_WARN_UNREACHABLE_CODE = YES;
				CLANG_WARN__DUPLICATE_METHOD_MATCH = YES;
				COPY_PHASE_STRIP = NO;
				DEBUG_INFORMATION_FORMAT = dwarf;
				ENABLE_STRICT_OBJC_MSGSEND = YES;
				ENABLE_TESTABILITY = YES;
				GCC_C_LANGUAGE_STANDARD = gnu11;
				GCC_DYNAMIC_NO_PIC = NO;
				GCC_NO_COMMON_BLOCKS = YES;
				GCC_OPTIMIZATION_LEVEL = 0;
				GCC_PREPROCESSOR_DEFINITIONS = (
					"DEBUG=1",
					"$(inherited)",
				);
				GCC_WARN_64_TO_32_BIT_CONVERSION = YES;
				GCC_WARN_ABOUT_RETURN_TYPE = YES_ERROR;
				GCC_WARN_UNDECLARED_SELECTOR = YES;
				GCC_WARN_UNINITIALIZED_AUTOS = YES_AGGRESSIVE;
				GCC_WARN_UNUSED_FUNCTION = YES;
				GCC_WARN_UNUSED_VARIABLE = YES;
				IPHONEOS_DEPLOYMENT_TARGET = 14.4;
				MTL_ENABLE_DEBUG_INFO = INCLUDE_SOURCE;
				MTL_FAST_MATH = YES;
				ONLY_ACTIVE_ARCH = YES;
				SDKROOT = iphoneos;
				SWIFT_ACTIVE_COMPILATION_CONDITIONS = DEBUG;
				SWIFT_OPTIMIZATION_LEVEL = "-Onone";
			};
			name = Debug;
		};
		DA6F36F22675A659005B0F93 /* Release */ = {
			isa = XCBuildConfiguration;
			buildSettings = {
				ALWAYS_SEARCH_USER_PATHS = NO;
				CLANG_ANALYZER_NONNULL = YES;
				CLANG_ANALYZER_NUMBER_OBJECT_CONVERSION = YES_AGGRESSIVE;
				CLANG_CXX_LANGUAGE_STANDARD = "gnu++14";
				CLANG_CXX_LIBRARY = "libc++";
				CLANG_ENABLE_MODULES = YES;
				CLANG_ENABLE_OBJC_ARC = YES;
				CLANG_ENABLE_OBJC_WEAK = YES;
				CLANG_WARN_BLOCK_CAPTURE_AUTORELEASING = YES;
				CLANG_WARN_BOOL_CONVERSION = YES;
				CLANG_WARN_COMMA = YES;
				CLANG_WARN_CONSTANT_CONVERSION = YES;
				CLANG_WARN_DEPRECATED_OBJC_IMPLEMENTATIONS = YES;
				CLANG_WARN_DIRECT_OBJC_ISA_USAGE = YES_ERROR;
				CLANG_WARN_DOCUMENTATION_COMMENTS = YES;
				CLANG_WARN_EMPTY_BODY = YES;
				CLANG_WARN_ENUM_CONVERSION = YES;
				CLANG_WARN_INFINITE_RECURSION = YES;
				CLANG_WARN_INT_CONVERSION = YES;
				CLANG_WARN_NON_LITERAL_NULL_CONVERSION = YES;
				CLANG_WARN_OBJC_IMPLICIT_RETAIN_SELF = YES;
				CLANG_WARN_OBJC_LITERAL_CONVERSION = YES;
				CLANG_WARN_OBJC_ROOT_CLASS = YES_ERROR;
				CLANG_WARN_QUOTED_INCLUDE_IN_FRAMEWORK_HEADER = YES;
				CLANG_WARN_RANGE_LOOP_ANALYSIS = YES;
				CLANG_WARN_STRICT_PROTOTYPES = YES;
				CLANG_WARN_SUSPICIOUS_MOVE = YES;
				CLANG_WARN_UNGUARDED_AVAILABILITY = YES_AGGRESSIVE;
				CLANG_WARN_UNREACHABLE_CODE = YES;
				CLANG_WARN__DUPLICATE_METHOD_MATCH = YES;
				COPY_PHASE_STRIP = NO;
				DEBUG_INFORMATION_FORMAT = "dwarf-with-dsym";
				ENABLE_NS_ASSERTIONS = NO;
				ENABLE_STRICT_OBJC_MSGSEND = YES;
				GCC_C_LANGUAGE_STANDARD = gnu11;
				GCC_NO_COMMON_BLOCKS = YES;
				GCC_WARN_64_TO_32_BIT_CONVERSION = YES;
				GCC_WARN_ABOUT_RETURN_TYPE = YES_ERROR;
				GCC_WARN_UNDECLARED_SELECTOR = YES;
				GCC_WARN_UNINITIALIZED_AUTOS = YES_AGGRESSIVE;
				GCC_WARN_UNUSED_FUNCTION = YES;
				GCC_WARN_UNUSED_VARIABLE = YES;
				IPHONEOS_DEPLOYMENT_TARGET = 14.4;
				MTL_ENABLE_DEBUG_INFO = NO;
				MTL_FAST_MATH = YES;
				SDKROOT = iphoneos;
				SWIFT_COMPILATION_MODE = wholemodule;
				SWIFT_OPTIMIZATION_LEVEL = "-O";
				VALIDATE_PRODUCT = YES;
			};
			name = Release;
		};
		DA6F36F42675A659005B0F93 /* Debug */ = {
			isa = XCBuildConfiguration;
			baseConfigurationReference = DF1AFFDE791BB7354F36D4C8 /* Pods-SwiftTestAlfire.debug.xcconfig */;
			buildSettings = {
				ALWAYS_EMBED_SWIFT_STANDARD_LIBRARIES = "$(inherited)";
				ASSETCATALOG_COMPILER_APPICON_NAME = AppIcon;
				ASSETCATALOG_COMPILER_GLOBAL_ACCENT_COLOR_NAME = AccentColor;
				CODE_SIGN_STYLE = Automatic;
				INFOPLIST_FILE = SwiftTestAlfire/Info.plist;
				LD_RUNPATH_SEARCH_PATHS = (
					"$(inherited)",
					"@executable_path/Frameworks",
				);
				PRODUCT_BUNDLE_IDENTIFIER = ZPH.SwiftTestAlfire;
				PRODUCT_NAME = "$(TARGET_NAME)";
				SWIFT_VERSION = 5.0;
				TARGETED_DEVICE_FAMILY = "1,2";
			};
			name = Debug;
		};
		DA6F36F52675A659005B0F93 /* Release */ = {
			isa = XCBuildConfiguration;
			baseConfigurationReference = 7B8462378E2D551477AC35B9 /* Pods-SwiftTestAlfire.release.xcconfig */;
			buildSettings = {
				ALWAYS_EMBED_SWIFT_STANDARD_LIBRARIES = "$(inherited)";
				ASSETCATALOG_COMPILER_APPICON_NAME = AppIcon;
				ASSETCATALOG_COMPILER_GLOBAL_ACCENT_COLOR_NAME = AccentColor;
				CODE_SIGN_STYLE = Automatic;
				INFOPLIST_FILE = SwiftTestAlfire/Info.plist;
				LD_RUNPATH_SEARCH_PATHS = (
					"$(inherited)",
					"@executable_path/Frameworks",
				);
				PRODUCT_BUNDLE_IDENTIFIER = ZPH.SwiftTestAlfire;
				PRODUCT_NAME = "$(TARGET_NAME)";
				SWIFT_VERSION = 5.0;
				TARGETED_DEVICE_FAMILY = "1,2";
			};
			name = Release;
		};
		DA6F36F72675A659005B0F93 /* Debug */ = {
			isa = XCBuildConfiguration;
			baseConfigurationReference = 3941B0B56E4556733A030F6A /* Pods-SwiftTestAlfireTests.debug.xcconfig */;
			buildSettings = {
				ALWAYS_EMBED_SWIFT_STANDARD_LIBRARIES = YES;
				BUNDLE_LOADER = "$(TEST_HOST)";
				CODE_SIGN_STYLE = Automatic;
				INFOPLIST_FILE = SwiftTestAlfireTests/Info.plist;
				IPHONEOS_DEPLOYMENT_TARGET = 14.4;
				LD_RUNPATH_SEARCH_PATHS = (
					"$(inherited)",
					"@executable_path/Frameworks",
					"@loader_path/Frameworks",
				);
				PRODUCT_BUNDLE_IDENTIFIER = ZPH.SwiftTestAlfireTests;
				PRODUCT_NAME = "$(TARGET_NAME)";
				SWIFT_VERSION = 5.0;
				TARGETED_DEVICE_FAMILY = "1,2";
				TEST_HOST = "$(BUILT_PRODUCTS_DIR)/SwiftTestAlfire.app/SwiftTestAlfire";
			};
			name = Debug;
		};
		DA6F36F82675A659005B0F93 /* Release */ = {
			isa = XCBuildConfiguration;
			baseConfigurationReference = 78A720AC4789018595595EC6 /* Pods-SwiftTestAlfireTests.release.xcconfig */;
			buildSettings = {
				ALWAYS_EMBED_SWIFT_STANDARD_LIBRARIES = YES;
				BUNDLE_LOADER = "$(TEST_HOST)";
				CODE_SIGN_STYLE = Automatic;
				INFOPLIST_FILE = SwiftTestAlfireTests/Info.plist;
				IPHONEOS_DEPLOYMENT_TARGET = 14.4;
				LD_RUNPATH_SEARCH_PATHS = (
					"$(inherited)",
					"@executable_path/Frameworks",
					"@loader_path/Frameworks",
				);
				PRODUCT_BUNDLE_IDENTIFIER = ZPH.SwiftTestAlfireTests;
				PRODUCT_NAME = "$(TARGET_NAME)";
				SWIFT_VERSION = 5.0;
				TARGETED_DEVICE_FAMILY = "1,2";
				TEST_HOST = "$(BUILT_PRODUCTS_DIR)/SwiftTestAlfire.app/SwiftTestAlfire";
			};
			name = Release;
		};
		DA6F36FA2675A659005B0F93 /* Debug */ = {
			isa = XCBuildConfiguration;
			baseConfigurationReference = 9F4DFD2626F7A81B6BBCAEF1 /* Pods-SwiftTestAlfire-SwiftTestAlfireUITests.debug.xcconfig */;
			buildSettings = {
				ALWAYS_EMBED_SWIFT_STANDARD_LIBRARIES = YES;
				CODE_SIGN_STYLE = Automatic;
				INFOPLIST_FILE = SwiftTestAlfireUITests/Info.plist;
				LD_RUNPATH_SEARCH_PATHS = (
					"$(inherited)",
					"@executable_path/Frameworks",
					"@loader_path/Frameworks",
				);
				PRODUCT_BUNDLE_IDENTIFIER = ZPH.SwiftTestAlfireUITests;
				PRODUCT_NAME = "$(TARGET_NAME)";
				SWIFT_VERSION = 5.0;
				TARGETED_DEVICE_FAMILY = "1,2";
				TEST_TARGET_NAME = SwiftTestAlfire;
			};
			name = Debug;
		};
		DA6F36FB2675A659005B0F93 /* Release */ = {
			isa = XCBuildConfiguration;
			baseConfigurationReference = C3700A66355109C27C3271F1 /* Pods-SwiftTestAlfire-SwiftTestAlfireUITests.release.xcconfig */;
			buildSettings = {
				ALWAYS_EMBED_SWIFT_STANDARD_LIBRARIES = YES;
				CODE_SIGN_STYLE = Automatic;
				INFOPLIST_FILE = SwiftTestAlfireUITests/Info.plist;
				LD_RUNPATH_SEARCH_PATHS = (
					"$(inherited)",
					"@executable_path/Frameworks",
					"@loader_path/Frameworks",
				);
				PRODUCT_BUNDLE_IDENTIFIER = ZPH.SwiftTestAlfireUITests;
				PRODUCT_NAME = "$(TARGET_NAME)";
				SWIFT_VERSION = 5.0;
				TARGETED_DEVICE_FAMILY = "1,2";
				TEST_TARGET_NAME = SwiftTestAlfire;
			};
			name = Release;
		};
/* End XCBuildConfiguration section */

/* Begin XCConfigurationList section */
		DA6F36C42675A657005B0F93 /* Build configuration list for PBXProject "SwiftTestAlfire" */ = {
			isa = XCConfigurationList;
			buildConfigurations = (
				DA6F36F12675A659005B0F93 /* Debug */,
				DA6F36F22675A659005B0F93 /* Release */,
			);
			defaultConfigurationIsVisible = 0;
			defaultConfigurationName = Release;
		};
		DA6F36F32675A659005B0F93 /* Build configuration list for PBXNativeTarget "SwiftTestAlfire" */ = {
			isa = XCConfigurationList;
			buildConfigurations = (
				DA6F36F42675A659005B0F93 /* Debug */,
				DA6F36F52675A659005B0F93 /* Release */,
			);
			defaultConfigurationIsVisible = 0;
			defaultConfigurationName = Release;
		};
		DA6F36F62675A659005B0F93 /* Build configuration list for PBXNativeTarget "SwiftTestAlfireTests" */ = {
			isa = XCConfigurationList;
			buildConfigurations = (
				DA6F36F72675A659005B0F93 /* Debug */,
				DA6F36F82675A659005B0F93 /* Release */,
			);
			defaultConfigurationIsVisible = 0;
			defaultConfigurationName = Release;
		};
		DA6F36F92675A659005B0F93 /* Build configuration list for PBXNativeTarget "SwiftTestAlfireUITests" */ = {
			isa = XCConfigurationList;
			buildConfigurations = (
				DA6F36FA2675A659005B0F93 /* Debug */,
				DA6F36FB2675A659005B0F93 /* Release */,
			);
			defaultConfigurationIsVisible = 0;
			defaultConfigurationName = Release;
		};
/* End XCConfigurationList section */
	};
	rootObject = DA6F36C12675A657005B0F93 /* Project object */;
}
